<?xml version="1.0" encoding="utf-8"?>
<Project ToolsVersion="4.0" xmlns="http://schemas.microsoft.com/developer/msbuild/2003">
  <ItemGroup>
    <Filter Include="Header Files">
      <UniqueIdentifier>{93995380-89BD-4b04-88EB-625FBE52EBFB}</UniqueIdentifier>
      <Extensions>h;hpp;hxx;hm;inl;inc;xsd</Extensions>
    </Filter>
    <Filter Include="Resource Files">
      <UniqueIdentifier>{67DA6AB6-F800-4c08-8B7A-83BB121AAD01}</UniqueIdentifier>
      <Extensions>rc;ico;cur;bmp;dlg;rc2;rct;bin;rgs;gif;jpg;jpeg;jpe;resx</Extensions>
    </Filter>
    <Filter Include="Source Files">
      <UniqueIdentifier>{4FC737F1-C7A5-4376-A066-2A32D752A2FF}</UniqueIdentifier>
      <Extensions>cpp;c;cc;cxx;def;odl;idl;hpj;bat;asm;asmx</Extensions>
    </Filter>
  </ItemGroup>
  <ItemGroup>
    <ClInclude Include="const.h">
      <Filter>Header Files</Filter>
    </ClInclude>
    <ClInclude Include="DebugLog.h">
      <Filter>Header Files</Filter>
    </ClInclude>
    <ClInclude Include="GameInfoQuery.h">
      <Filter>Header Files</Filter>
    </ClInclude>
    <ClInclude Include="GameserverEntry.h">
      <Filter>Header Files</Filter>
    </ClInclude>
    <ClInclude Include="GameserverInfo.h">
      <Filter>Header Files</Filter>
    </ClInclude>
    <ClInclude Include="GameStats.h">
      <Filter>Header Files</Filter>
    </ClInclude>
    <ClInclude Include="Masterquery.h">
      <Filter>Header Files</Filter>
    </ClInclude>
    <ClInclude Include="Masterserver.h">
      <Filter>Header Files</Filter>
    </ClInclude>
    <ClInclude Include="MasterserverManager.h">
      <Filter>Header Files</Filter>
    </ClInclude>
    <ClInclude Include="SourceStats.h">
      <Filter>Header Files</Filter>
    </ClInclude>
    <ClInclude Include="ThreadedRequest.h">
      <Filter>Header Files</Filter>
    </ClInclude>
    <ClInclude Include="ThreadFactory.h">
      <Filter>Header Files</Filter>
    </ClInclude>
    <ClInclude Include="DBProcessor.h">
      <Filter>Header Files</Filter>
    </ClInclude>
  </ItemGroup>
  <ItemGroup>
    <ClCompile Include="asquerytest.cpp">
      <Filter>Source Files</Filter>
    </ClCompile>
    <ClCompile Include="DebugLog.cpp">
      <Filter>Source Files</Filter>
    </ClCompile>
    <ClCompile Include="GameInfoQuery.cpp">
      <Filter>Source Files</Filter>
    </ClCompile>
    <ClCompile Include="GameserverEntry.cpp">
      <Filter>Source Files</Filter>
    </ClCompile>
    <ClCompile Include="GameserverInfo.cpp">
      <Filter>Source Files</Filter>
    </ClCompile>
    <ClCompile Include="GameStats.cpp">
      <Filter>Source Files</Filter>
    </ClCompile>
    <ClCompile Include="main.cpp">
      <Filter>Source Files</Filter>
    </ClCompile>
    <ClCompile Include="Masterquery.cpp">
      <Filter>Source Files</Filter>
    </ClCompile>
    <ClCompile Include="masterquerytest.cpp">
      <Filter>Source Files</Filter>
    </ClCompile>
    <ClCompile Include="Masterserver.cpp">
      <Filter>Source Files</Filter>
    </ClCompile>
    <ClCompile Include="MasterserverManager.cpp">
      <Filter>Source Files</Filter>
    </ClCompile>
    <ClCompile Include="SourceStats.cpp">
      <Filter>Source Files</Filter>
    </ClCompile>
    <ClCompile Include="ThreadedRequest.cpp">
      <Filter>Source Files</Filter>
    </ClCompile>
    <ClCompile Include="ThreadFactory.cpp">
      <Filter>Source Files</Filter>
    </ClCompile>
    <ClCompile Include="util.cpp">
      <Filter>Source Files</Filter>
    </ClCompile>
    <ClCompile Include="DBProcessor.cpp">
      <Filter>Source Files</Filter>
    </ClCompile>
  </ItemGroup>
</Project>