<?xml version="1.0" encoding="UTF-8" standalone="yes" ?>
<CodeBlocks_project_file>
	<FileVersion major="1" minor="6" />
	<Project>
		<Option title="SourceStats" />
		<Option pch_mode="2" />
		<Option compiler="gcc" />
		<Build>
			<Target title="Debug Win32">
				<Option output="SourceStats" prefix_auto="1" extension_auto="1" />
				<Option object_output="Debug" />
				<Option type="1" />
				<Option compiler="gcc" />
				<Compiler>
					<Add option="-DWIN32" />
					<Add option="-D_DEBUG" />
					<Add option="-D_CONSOLE" />
					<Add option="-Wall" />
					<Add option="-g" />
					<Add option="-O0" />
					<Add option='-D&quot;_WIN32_WINNT&quot;=0x0501' />
					<Add directory="E:/Program Files/boost/boost_1_42" />
				</Compiler>
				<ResourceCompiler>
					<Add directory="E:/Program Files/boost/boost_1_42" />
				</ResourceCompiler>
			</Target>
			<Target title="Release Win32">
				<Option output="SourceStats" prefix_auto="1" extension_auto="1" />
				<Option object_output="Release" />
				<Option type="1" />
				<Option compiler="gcc" />
				<Compiler>
					<Add option="-DWIN32" />
					<Add option="-DNDEBUG" />
					<Add option="-D_CONSOLE" />
					<Add option="-W" />
					<Add directory="E:/Program Files/boost/boost_1_42/boost" />
				</Compiler>
				<ResourceCompiler>
					<Add directory="E:/Program Files/boost/boost_1_42/boost" />
				</ResourceCompiler>
			</Target>
		</Build>
		<Unit filename="DBProcessor.cpp" />
		<Unit filename="DBProcessor.h" />
		<Unit filename="DebugLog.cpp" />
		<Unit filename="DebugLog.h" />
		<Unit filename="GameInfoQuery.cpp" />
		<Unit filename="GameInfoQuery.h" />
		<Unit filename="GameInfoRequest.cpp" />
		<Unit filename="GameInfoRequest.h" />
		<Unit filename="GameStats.cpp" />
		<Unit filename="GameStats.h" />
		<Unit filename="GameStatsResult.cpp" />
		<Unit filename="GameStatsResult.h" />
		<Unit filename="GameserverEntry.cpp" />
		<Unit filename="GameserverEntry.h" />
		<Unit filename="GameserverInfo.cpp" />
		<Unit filename="GameserverInfo.h" />
		<Unit filename="GameserverManager.cpp" />
		<Unit filename="GameserverManager.h" />
		<Unit filename="Masterquery.cpp" />
		<Unit filename="Masterquery.h" />
		<Unit filename="MasterqueryManager.cpp" />
		<Unit filename="MasterqueryManager.h" />
		<Unit filename="Masterserver.cpp" />
		<Unit filename="Masterserver.h" />
		<Unit filename="MasterserverManager.cpp" />
		<Unit filename="MasterserverManager.h" />
		<Unit filename="PerformanceStats.cpp" />
		<Unit filename="PerformanceStats.h" />
		<Unit filename="SourceStats.cpp" />
		<Unit filename="SourceStats.h" />
		<Unit filename="ThreadFactory.cpp" />
		<Unit filename="ThreadFactory.h" />
		<Unit filename="ThreadedRequest.cpp" />
		<Unit filename="ThreadedRequest.h" />
		<Unit filename="asquerytest.cpp" />
		<Unit filename="const.h" />
		<Unit filename="main.cpp" />
		<Unit filename="masterquerytest.cpp" />
		<Unit filename="util.cpp" />
		<Extensions>
			<code_completion />
			<debugger />
		</Extensions>
	</Project>
</CodeBlocks_project_file>
